
Microsoft Visual Studio Solution File, Format Version 12.00
# Visual Studio Version 16
VisualStudioVersion = 16.0.29806.167
MinimumVisualStudioVersion = 10.0.40219.1
Project("{FAE04EC0-301F-11D3-BF4B-00C04F79EFBC}") = "Bloc-note Simplifié", "Bloc-note Simplifié.csproj", "{F17FC94B-C079-48AB-97C4-A052AE072479}"
EndProject
Global
	GlobalSection(SolutionConfigurationPlatforms) = preSolution
		Debug|Any CPU = Debug|Any CPU
		Release|Any CPU = Release|Any CPU
	EndGlobalSection
	GlobalSection(ProjectConfigurationPlatforms) = postSolution
		{F17FC94B-C079-48AB-97C4-A052AE072479}.Debug|Any CPU.ActiveCfg = Debug|Any CPU
		{F17FC94B-C079-48AB-97C4-A052AE072479}.Debug|Any CPU.Build.0 = Debug|Any CPU
		{F17FC94B-C079-48AB-97C4-A052AE072479}.Release|Any CPU.ActiveCfg = Release|Any CPU
		{F17FC94B-C079-48AB-97C4-A052AE072479}.Release|Any CPU.Build.0 = Release|Any CPU
	EndGlobalSection
	GlobalSection(SolutionProperties) = preSolution
		HideSolutionNode = FALSE
	EndGlobalSection
	GlobalSection(ExtensibilityGlobals) = postSolution
		SolutionGuid = {99276970-7F24-4097-A915-A1B5AF85F2B5}
	EndGlobalSection
EndGlobal
